
Microsoft Visual Studio Solution File, Format Version 12.00
# Visual Studio Version 16
VisualStudioVersion = 16.0.30413.136
MinimumVisualStudioVersion = 10.0.40219.1
Project("{FAE04EC0-301F-11D3-BF4B-00C04F79EFBC}") = "Blackhole", "Blackhole.csproj", "{FA484BE6-1B17-40C2-BA01-CDAE8BEB32D1}"
EndProject
Project("{C7167F0D-BC9F-4E6E-AFE1-012C56B48DB5}") = "Package", "Package\Package.wapproj", "{BA25335F-AE5D-4F0D-BC34-A0F238658DB2}"
EndProject
Project("{FAE04EC0-301F-11D3-BF4B-00C04F79EFBC}") = "Console", "Console\Console.csproj", "{2D96D747-68CE-47F7-99B1-D68E5E26C349}"
EndProject
Project("{FAE04EC0-301F-11D3-BF4B-00C04F79EFBC}") = "Blackhole_WPF", "Blackhole_WPF\Blackhole_WPF.csproj", "{B319C238-DBEB-48E9-9DC4-B17026022991}"
EndProject
Global
	GlobalSection(SolutionConfigurationPlatforms) = preSolution
		Debug|Any CPU = Debug|Any CPU
		Debug|ARM = Debug|ARM
		Debug|ARM64 = Debug|ARM64
		Debug|x64 = Debug|x64
		Debug|x86 = Debug|x86
		Release|Any CPU = Release|Any CPU
		Release|ARM = Release|ARM
		Release|ARM64 = Release|ARM64
		Release|x64 = Release|x64
		Release|x86 = Release|x86
	EndGlobalSection
	GlobalSection(ProjectConfigurationPlatforms) = postSolution
		{FA484BE6-1B17-40C2-BA01-CDAE8BEB32D1}.Debug|Any CPU.ActiveCfg = Debug|x86
		{FA484BE6-1B17-40C2-BA01-CDAE8BEB32D1}.Debug|ARM.ActiveCfg = Debug|ARM
		{FA484BE6-1B17-40C2-BA01-CDAE8BEB32D1}.Debug|ARM.Build.0 = Debug|ARM
		{FA484BE6-1B17-40C2-BA01-CDAE8BEB32D1}.Debug|ARM.Deploy.0 = Debug|ARM
		{FA484BE6-1B17-40C2-BA01-CDAE8BEB32D1}.Debug|ARM64.ActiveCfg = Debug|ARM64
		{FA484BE6-1B17-40C2-BA01-CDAE8BEB32D1}.Debug|ARM64.Build.0 = Debug|ARM64
		{FA484BE6-1B17-40C2-BA01-CDAE8BEB32D1}.Debug|ARM64.Deploy.0 = Debug|ARM64
		{FA484BE6-1B17-40C2-BA01-CDAE8BEB32D1}.Debug|x64.ActiveCfg = Debug|x64
		{FA484BE6-1B17-40C2-BA01-CDAE8BEB32D1}.Debug|x64.Build.0 = Debug|x64
		{FA484BE6-1B17-40C2-BA01-CDAE8BEB32D1}.Debug|x64.Deploy.0 = Debug|x64
		{FA484BE6-1B17-40C2-BA01-CDAE8BEB32D1}.Debug|x86.ActiveCfg = Debug|x86
		{FA484BE6-1B17-40C2-BA01-CDAE8BEB32D1}.Debug|x86.Build.0 = Debug|x86
		{FA484BE6-1B17-40C2-BA01-CDAE8BEB32D1}.Debug|x86.Deploy.0 = Debug|x86
		{FA484BE6-1B17-40C2-BA01-CDAE8BEB32D1}.Release|Any CPU.ActiveCfg = Release|x86
		{FA484BE6-1B17-40C2-BA01-CDAE8BEB32D1}.Release|ARM.ActiveCfg = Release|ARM
		{FA484BE6-1B17-40C2-BA01-CDAE8BEB32D1}.Release|ARM.Build.0 = Release|ARM
		{FA484BE6-1B17-40C2-BA01-CDAE8BEB32D1}.Release|ARM.Deploy.0 = Release|ARM
		{FA484BE6-1B17-40C2-BA01-CDAE8BEB32D1}.Release|ARM64.ActiveCfg = Release|ARM64
		{FA484BE6-1B17-40C2-BA01-CDAE8BEB32D1}.Release|ARM64.Build.0 = Release|ARM64
		{FA484BE6-1B17-40C2-BA01-CDAE8BEB32D1}.Release|ARM64.Deploy.0 = Release|ARM64
		{FA484BE6-1B17-40C2-BA01-CDAE8BEB32D1}.Release|x64.ActiveCfg = Release|x64
		{FA484BE6-1B17-40C2-BA01-CDAE8BEB32D1}.Release|x64.Build.0 = Release|x64
		{FA484BE6-1B17-40C2-BA01-CDAE8BEB32D1}.Release|x64.Deploy.0 = Release|x64
		{FA484BE6-1B17-40C2-BA01-CDAE8BEB32D1}.Release|x86.ActiveCfg = Release|x86
		{FA484BE6-1B17-40C2-BA01-CDAE8BEB32D1}.Release|x86.Build.0 = Release|x86
		{FA484BE6-1B17-40C2-BA01-CDAE8BEB32D1}.Release|x86.Deploy.0 = Release|x86
		{BA25335F-AE5D-4F0D-BC34-A0F238658DB2}.Debug|Any CPU.ActiveCfg = Debug|Any CPU
		{BA25335F-AE5D-4F0D-BC34-A0F238658DB2}.Debug|Any CPU.Build.0 = Debug|Any CPU
		{BA25335F-AE5D-4F0D-BC34-A0F238658DB2}.Debug|Any CPU.Deploy.0 = Debug|Any CPU
		{BA25335F-AE5D-4F0D-BC34-A0F238658DB2}.Debug|ARM.ActiveCfg = Debug|ARM
		{BA25335F-AE5D-4F0D-BC34-A0F238658DB2}.Debug|ARM.Build.0 = Debug|ARM
		{BA25335F-AE5D-4F0D-BC34-A0F238658DB2}.Debug|ARM.Deploy.0 = Debug|ARM
		{BA25335F-AE5D-4F0D-BC34-A0F238658DB2}.Debug|ARM64.ActiveCfg = Debug|ARM64
		{BA25335F-AE5D-4F0D-BC34-A0F238658DB2}.Debug|ARM64.Build.0 = Debug|ARM64
		{BA25335F-AE5D-4F0D-BC34-A0F238658DB2}.Debug|ARM64.Deploy.0 = Debug|ARM64
		{BA25335F-AE5D-4F0D-BC34-A0F238658DB2}.Debug|x64.ActiveCfg = Debug|x64
		{BA25335F-AE5D-4F0D-BC34-A0F238658DB2}.Debug|x64.Build.0 = Debug|x64
		{BA25335F-AE5D-4F0D-BC34-A0F238658DB2}.Debug|x64.Deploy.0 = Debug|x64
		{BA25335F-AE5D-4F0D-BC34-A0F238658DB2}.Debug|x86.ActiveCfg = Debug|x86
		{BA25335F-AE5D-4F0D-BC34-A0F238658DB2}.Debug|x86.Build.0 = Debug|x86
		{BA25335F-AE5D-4F0D-BC34-A0F238658DB2}.Debug|x86.Deploy.0 = Debug|x86
		{BA25335F-AE5D-4F0D-BC34-A0F238658DB2}.Release|Any CPU.ActiveCfg = Release|Any CPU
		{BA25335F-AE5D-4F0D-BC34-A0F238658DB2}.Release|Any CPU.Build.0 = Release|Any CPU
		{BA25335F-AE5D-4F0D-BC34-A0F238658DB2}.Release|Any CPU.Deploy.0 = Release|Any CPU
		{BA25335F-AE5D-4F0D-BC34-A0F238658DB2}.Release|ARM.ActiveCfg = Release|ARM
		{BA25335F-AE5D-4F0D-BC34-A0F238658DB2}.Release|ARM.Build.0 = Release|ARM
		{BA25335F-AE5D-4F0D-BC34-A0F238658DB2}.Release|ARM.Deploy.0 = Release|ARM
		{BA25335F-AE5D-4F0D-BC34-A0F238658DB2}.Release|ARM64.ActiveCfg = Release|ARM64
		{BA25335F-AE5D-4F0D-BC34-A0F238658DB2}.Release|ARM64.Build.0 = Release|ARM64
		{BA25335F-AE5D-4F0D-BC34-A0F238658DB2}.Release|ARM64.Deploy.0 = Release|ARM64
		{BA25335F-AE5D-4F0D-BC34-A0F238658DB2}.Release|x64.ActiveCfg = Release|x64
		{BA25335F-AE5D-4F0D-BC34-A0F238658DB2}.Release|x64.Build.0 = Release|x64
		{BA25335F-AE5D-4F0D-BC34-A0F238658DB2}.Release|x64.Deploy.0 = Release|x64
		{BA25335F-AE5D-4F0D-BC34-A0F238658DB2}.Release|x86.ActiveCfg = Release|x86
		{BA25335F-AE5D-4F0D-BC34-A0F238658DB2}.Release|x86.Build.0 = Release|x86
		{BA25335F-AE5D-4F0D-BC34-A0F238658DB2}.Release|x86.Deploy.0 = Release|x86
		{2D96D747-68CE-47F7-99B1-D68E5E26C349}.Debug|Any CPU.ActiveCfg = Debug|Any CPU
		{2D96D747-68CE-47F7-99B1-D68E5E26C349}.Debug|Any CPU.Build.0 = Debug|Any CPU
		{2D96D747-68CE-47F7-99B1-D68E5E26C349}.Debug|ARM.ActiveCfg = Debug|Any CPU
		{2D96D747-68CE-47F7-99B1-D68E5E26C349}.Debug|ARM.Build.0 = Debug|Any CPU
		{2D96D747-68CE-47F7-99B1-D68E5E26C349}.Debug|ARM64.ActiveCfg = Debug|Any CPU
		{2D96D747-68CE-47F7-99B1-D68E5E26C349}.Debug|ARM64.Build.0 = Debug|Any CPU
		{2D96D747-68CE-47F7-99B1-D68E5E26C349}.Debug|x64.ActiveCfg = Debug|Any CPU
		{2D96D747-68CE-47F7-99B1-D68E5E26C349}.Debug|x64.Build.0 = Debug|Any CPU
		{2D96D747-68CE-47F7-99B1-D68E5E26C349}.Debug|x86.ActiveCfg = Debug|Any CPU
		{2D96D747-68CE-47F7-99B1-D68E5E26C349}.Debug|x86.Build.0 = Debug|Any CPU
		{2D96D747-68CE-47F7-99B1-D68E5E26C349}.Release|Any CPU.ActiveCfg = Release|Any CPU
		{2D96D747-68CE-47F7-99B1-D68E5E26C349}.Release|Any CPU.Build.0 = Release|Any CPU
		{2D96D747-68CE-47F7-99B1-D68E5E26C349}.Release|ARM.ActiveCfg = Release|Any CPU
		{2D96D747-68CE-47F7-99B1-D68E5E26C349}.Release|ARM.Build.0 = Release|Any CPU
		{2D96D747-68CE-47F7-99B1-D68E5E26C349}.Release|ARM64.ActiveCfg = Release|Any CPU
		{2D96D747-68CE-47F7-99B1-D68E5E26C349}.Release|ARM64.Build.0 = Release|Any CPU
		{2D96D747-68CE-47F7-99B1-D68E5E26C349}.Release|x64.ActiveCfg = Release|Any CPU
		{2D96D747-68CE-47F7-99B1-D68E5E26C349}.Release|x64.Build.0 = Release|Any CPU
		{2D96D747-68CE-47F7-99B1-D68E5E26C349}.Release|x86.ActiveCfg = Release|Any CPU
		{2D96D747-68CE-47F7-99B1-D68E5E26C349}.Release|x86.Build.0 = Release|Any CPU
		{B319C238-DBEB-48E9-9DC4-B17026022991}.Debug|Any CPU.ActiveCfg = Debug|Any CPU
		{B319C238-DBEB-48E9-9DC4-B17026022991}.Debug|Any CPU.Build.0 = Debug|Any CPU
		{B319C238-DBEB-48E9-9DC4-B17026022991}.Debug|ARM.ActiveCfg = Debug|Any CPU
		{B319C238-DBEB-48E9-9DC4-B17026022991}.Debug|ARM.Build.0 = Debug|Any CPU
		{B319C238-DBEB-48E9-9DC4-B17026022991}.Debug|ARM64.ActiveCfg = Debug|Any CPU
		{B319C238-DBEB-48E9-9DC4-B17026022991}.Debug|ARM64.Build.0 = Debug|Any CPU
		{B319C238-DBEB-48E9-9DC4-B17026022991}.Debug|x64.ActiveCfg = Debug|Any CPU
		{B319C238-DBEB-48E9-9DC4-B17026022991}.Debug|x64.Build.0 = Debug|Any CPU
		{B319C238-DBEB-48E9-9DC4-B17026022991}.Debug|x86.ActiveCfg = Debug|Any CPU
		{B319C238-DBEB-48E9-9DC4-B17026022991}.Debug|x86.Build.0 = Debug|Any CPU
		{B319C238-DBEB-48E9-9DC4-B17026022991}.Release|Any CPU.ActiveCfg = Release|Any CPU
		{B319C238-DBEB-48E9-9DC4-B17026022991}.Release|Any CPU.Build.0 = Release|Any CPU
		{B319C238-DBEB-48E9-9DC4-B17026022991}.Release|ARM.ActiveCfg = Release|Any CPU
		{B319C238-DBEB-48E9-9DC4-B17026022991}.Release|ARM.Build.0 = Release|Any CPU
		{B319C238-DBEB-48E9-9DC4-B17026022991}.Release|ARM64.ActiveCfg = Release|Any CPU
		{B319C238-DBEB-48E9-9DC4-B17026022991}.Release|ARM64.Build.0 = Release|Any CPU
		{B319C238-DBEB-48E9-9DC4-B17026022991}.Release|x64.ActiveCfg = Release|Any CPU
		{B319C238-DBEB-48E9-9DC4-B17026022991}.Release|x64.Build.0 = Release|Any CPU
		{B319C238-DBEB-48E9-9DC4-B17026022991}.Release|x86.ActiveCfg = Release|Any CPU
		{B319C238-DBEB-48E9-9DC4-B17026022991}.Release|x86.Build.0 = Release|Any CPU
	EndGlobalSection
	GlobalSection(SolutionProperties) = preSolution
		HideSolutionNode = FALSE
	EndGlobalSection
	GlobalSection(ExtensibilityGlobals) = postSolution
		SolutionGuid = {781C4692-44FF-467A-B6EC-2AA467936677}
	EndGlobalSection
EndGlobal
