// !$*UTF8*$!
{
	archiveVersion = 1;
	classes = {
	};
	objectVersion = 51;
	objects = {

/* Begin PBXBuildFile section */
		A615CED571EA29F4E2750F34 /* Pods_Blackhole2020Tests.framework in Frameworks */ = {isa = PBXBuildFile; fileRef = 5224F67E69F154DD7327CEAB /* Pods_Blackhole2020Tests.framework */; };
		B746F8C29F6A45AE16DE2D16 /* Pods_Blackhole2020_Blackhole2020UITests.framework in Frameworks */ = {isa = PBXBuildFile; fileRef = 733C6C4FA33ECF15B1B598E3 /* Pods_Blackhole2020_Blackhole2020UITests.framework */; };
		F855BD06CB9450BDECB9E42E /* Pods_Blackhole2020.framework in Frameworks */ = {isa = PBXBuildFile; fileRef = 711E3C9EBD3AF1E8C2CEB239 /* Pods_Blackhole2020.framework */; };
		FC095D2527CFF42F00F11C7A /* Localizable.strings in Resources */ = {isa = PBXBuildFile; fileRef = FC095D2727CFF42F00F11C7A /* Localizable.strings */; };
		FC095D2827CFF44F00F11C7A /* Localizable.stringsdict in Resources */ = {isa = PBXBuildFile; fileRef = FC095D2A27CFF44F00F11C7A /* Localizable.stringsdict */; };
		FC10773125EAE58800A9A392 /* JonsMusicPlayer.swift in Sources */ = {isa = PBXBuildFile; fileRef = FC10773025EAE58800A9A392 /* JonsMusicPlayer.swift */; };
		FC10773D25EAE79B00A9A392 /* space_synth in Resources */ = {isa = PBXBuildFile; fileRef = FC10773C25EAE79B00A9A392 /* space_synth */; };
		FC10775C25F5CCA200A9A392 /* HelpView.swift in Sources */ = {isa = PBXBuildFile; fileRef = FC10775B25F5CCA200A9A392 /* HelpView.swift */; };
		FC4DE5E72652150C00811232 /* SettingsView.swift in Sources */ = {isa = PBXBuildFile; fileRef = FC4DE5E62652150C00811232 /* SettingsView.swift */; };
		FC9B32C125CD07050061ED59 /* VT323-Regular.ttf in Resources */ = {isa = PBXBuildFile; fileRef = FC9B32C025CD07050061ED59 /* VT323-Regular.ttf */; };
		FCB6B08C26113BFC00FC4121 /* CustomFileManagerDelegate.swift in Sources */ = {isa = PBXBuildFile; fileRef = FCB6B08B26113BFC00FC4121 /* CustomFileManagerDelegate.swift */; };
		FCB6B0912612B2AB00FC4121 /* StatsView.swift in Sources */ = {isa = PBXBuildFile; fileRef = FCB6B0902612B2AB00FC4121 /* StatsView.swift */; };
		FCB6B09926153E4A00FC4121 /* UserDefaultsConstants.swift in Sources */ = {isa = PBXBuildFile; fileRef = FCB6B09826153E4A00FC4121 /* UserDefaultsConstants.swift */; };
		FCCE63052595A7AD006604A4 /* AppDelegate.swift in Sources */ = {isa = PBXBuildFile; fileRef = FCCE63042595A7AD006604A4 /* AppDelegate.swift */; };
		FCCE63072595A7AD006604A4 /* BlackHoleView.swift in Sources */ = {isa = PBXBuildFile; fileRef = FCCE63062595A7AD006604A4 /* BlackHoleView.swift */; };
		FCCE63092595A7AF006604A4 /* Assets.xcassets in Resources */ = {isa = PBXBuildFile; fileRef = FCCE63082595A7AF006604A4 /* Assets.xcassets */; };
		FCCE630C2595A7AF006604A4 /* Preview Assets.xcassets in Resources */ = {isa = PBXBuildFile; fileRef = FCCE630B2595A7AF006604A4 /* Preview Assets.xcassets */; };
		FCCE630F2595A7AF006604A4 /* Main.storyboard in Resources */ = {isa = PBXBuildFile; fileRef = FCCE630D2595A7AF006604A4 /* Main.storyboard */; };
		FCCE631B2595A7B0006604A4 /* Blackhole2020Tests.swift in Sources */ = {isa = PBXBuildFile; fileRef = FCCE631A2595A7B0006604A4 /* Blackhole2020Tests.swift */; };
		FCCE63262595A7B0006604A4 /* Blackhole2020UITests.swift in Sources */ = {isa = PBXBuildFile; fileRef = FCCE63252595A7B0006604A4 /* Blackhole2020UITests.swift */; };
		FCCE63432595A922006604A4 /* File_Disintegration_TopLeft.json in Resources */ = {isa = PBXBuildFile; fileRef = FCCE633A2595A922006604A4 /* File_Disintegration_TopLeft.json */; };
		FCCE63442595A922006604A4 /* StarField.json in Resources */ = {isa = PBXBuildFile; fileRef = FCCE633B2595A922006604A4 /* StarField.json */; };
		FCCE63452595A922006604A4 /* File_Disintegration_BottomRight.json in Resources */ = {isa = PBXBuildFile; fileRef = FCCE633C2595A922006604A4 /* File_Disintegration_BottomRight.json */; };
		FCCE63472595A922006604A4 /* File_Disintegration_MidRight.json in Resources */ = {isa = PBXBuildFile; fileRef = FCCE633E2595A922006604A4 /* File_Disintegration_MidRight.json */; };
		FCCE63482595A922006604A4 /* File_Disintegration_TopRight.json in Resources */ = {isa = PBXBuildFile; fileRef = FCCE633F2595A922006604A4 /* File_Disintegration_TopRight.json */; };
		FCCE634A2595A922006604A4 /* File_Disintegration_MidLeft.json in Resources */ = {isa = PBXBuildFile; fileRef = FCCE63412595A922006604A4 /* File_Disintegration_MidLeft.json */; };
		FCCE634B2595A922006604A4 /* File_Disintegration_BottomLeft.json in Resources */ = {isa = PBXBuildFile; fileRef = FCCE63422595A922006604A4 /* File_Disintegration_BottomLeft.json */; };
		FCCE63572597D924006604A4 /* LottieView.swift in Sources */ = {isa = PBXBuildFile; fileRef = FCCE63562597D924006604A4 /* LottieView.swift */; };
		FCDA4BDC25BFDA750032F4D1 /* black-hole.mp4 in Resources */ = {isa = PBXBuildFile; fileRef = FCDA4BDB25BFDA750032F4D1 /* black-hole.mp4 */; };
		FCDA4BE925C08D630032F4D1 /* VideoView.swift in Sources */ = {isa = PBXBuildFile; fileRef = FCDA4BE825C08D630032F4D1 /* VideoView.swift */; };
		FCDA710C275FFC4E001EA3E0 /* Styles.swift in Sources */ = {isa = PBXBuildFile; fileRef = FCDA710B275FFC4E001EA3E0 /* Styles.swift */; };
		FCF0631725BCAFDF00912900 /* Extensions.swift in Sources */ = {isa = PBXBuildFile; fileRef = FCF0631625BCAFDF00912900 /* Extensions.swift */; };
/* End PBXBuildFile section */

/* Begin PBXContainerItemProxy section */
		FCCE63172595A7B0006604A4 /* PBXContainerItemProxy */ = {
			isa = PBXContainerItemProxy;
			containerPortal = FCCE62F92595A7AD006604A4 /* Project object */;
			proxyType = 1;
			remoteGlobalIDString = FCCE63002595A7AD006604A4;
			remoteInfo = Blackhole2020;
		};
		FCCE63222595A7B0006604A4 /* PBXContainerItemProxy */ = {
			isa = PBXContainerItemProxy;
			containerPortal = FCCE62F92595A7AD006604A4 /* Project object */;
			proxyType = 1;
			remoteGlobalIDString = FCCE63002595A7AD006604A4;
			remoteInfo = Blackhole2020;
		};
/* End PBXContainerItemProxy section */

/* Begin PBXFileReference section */
		32A9143554495F366D76350A /* Pods-Blackhole2020Tests.debug.xcconfig */ = {isa = PBXFileReference; includeInIndex = 1; lastKnownFileType = text.xcconfig; name = "Pods-Blackhole2020Tests.debug.xcconfig"; path = "Target Support Files/Pods-Blackhole2020Tests/Pods-Blackhole2020Tests.debug.xcconfig"; sourceTree = "<group>"; };
		4A73BC71F4CE5683001AD98D /* Pods-Blackhole2020-Blackhole2020UITests.debug.xcconfig */ = {isa = PBXFileReference; includeInIndex = 1; lastKnownFileType = text.xcconfig; name = "Pods-Blackhole2020-Blackhole2020UITests.debug.xcconfig"; path = "Target Support Files/Pods-Blackhole2020-Blackhole2020UITests/Pods-Blackhole2020-Blackhole2020UITests.debug.xcconfig"; sourceTree = "<group>"; };
		5224F67E69F154DD7327CEAB /* Pods_Blackhole2020Tests.framework */ = {isa = PBXFileReference; explicitFileType = wrapper.framework; includeInIndex = 0; path = Pods_Blackhole2020Tests.framework; sourceTree = BUILT_PRODUCTS_DIR; };
		711E3C9EBD3AF1E8C2CEB239 /* Pods_Blackhole2020.framework */ = {isa = PBXFileReference; explicitFileType = wrapper.framework; includeInIndex = 0; path = Pods_Blackhole2020.framework; sourceTree = BUILT_PRODUCTS_DIR; };
		733C6C4FA33ECF15B1B598E3 /* Pods_Blackhole2020_Blackhole2020UITests.framework */ = {isa = PBXFileReference; explicitFileType = wrapper.framework; includeInIndex = 0; path = Pods_Blackhole2020_Blackhole2020UITests.framework; sourceTree = BUILT_PRODUCTS_DIR; };
		A34F86E75FEE7D1B700CE8F0 /* Pods-Blackhole2020-Blackhole2020UITests.release.xcconfig */ = {isa = PBXFileReference; includeInIndex = 1; lastKnownFileType = text.xcconfig; name = "Pods-Blackhole2020-Blackhole2020UITests.release.xcconfig"; path = "Target Support Files/Pods-Blackhole2020-Blackhole2020UITests/Pods-Blackhole2020-Blackhole2020UITests.release.xcconfig"; sourceTree = "<group>"; };
		AD48376A8CCFA15F07DD5E4E /* Pods-Blackhole2020Tests.release.xcconfig */ = {isa = PBXFileReference; includeInIndex = 1; lastKnownFileType = text.xcconfig; name = "Pods-Blackhole2020Tests.release.xcconfig"; path = "Target Support Files/Pods-Blackhole2020Tests/Pods-Blackhole2020Tests.release.xcconfig"; sourceTree = "<group>"; };
		F94163FDCA1FCDD34612F05C /* Pods-Blackhole2020.debug.xcconfig */ = {isa = PBXFileReference; includeInIndex = 1; lastKnownFileType = text.xcconfig; name = "Pods-Blackhole2020.debug.xcconfig"; path = "Target Support Files/Pods-Blackhole2020/Pods-Blackhole2020.debug.xcconfig"; sourceTree = "<group>"; };
		FC095D2427CF43D600F11C7A /* en */ = {isa = PBXFileReference; lastKnownFileType = text.plist.strings; name = en; path = en.lproj/Main.strings; sourceTree = "<group>"; };
		FC095D2627CFF42F00F11C7A /* en */ = {isa = PBXFileReference; lastKnownFileType = text.plist.strings; name = en; path = en.lproj/Localizable.strings; sourceTree = "<group>"; };
		FC095D2927CFF44F00F11C7A /* en */ = {isa = PBXFileReference; lastKnownFileType = text.plist.stringsdict; name = en; path = en.lproj/Localizable.stringsdict; sourceTree = "<group>"; };
		FC0AE50327D9D49E00E7F1D4 /* de */ = {isa = PBXFileReference; lastKnownFileType = text.plist.strings; name = de; path = de.lproj/Main.strings; sourceTree = "<group>"; };
		FC0AE50427D9D49E00E7F1D4 /* de */ = {isa = PBXFileReference; lastKnownFileType = text.plist.strings; name = de; path = de.lproj/Localizable.strings; sourceTree = "<group>"; };
		FC0AE50527D9D49E00E7F1D4 /* de */ = {isa = PBXFileReference; lastKnownFileType = text.plist.stringsdict; name = de; path = de.lproj/Localizable.stringsdict; sourceTree = "<group>"; };
		FC0AE50627DA5D7700E7F1D4 /* la */ = {isa = PBXFileReference; lastKnownFileType = text.plist.strings; name = la; path = la.lproj/Main.strings; sourceTree = "<group>"; };
		FC0AE50727DA5D7700E7F1D4 /* la */ = {isa = PBXFileReference; lastKnownFileType = text.plist.strings; name = la; path = la.lproj/Localizable.strings; sourceTree = "<group>"; };
		FC0AE50827DA5D7700E7F1D4 /* la */ = {isa = PBXFileReference; lastKnownFileType = text.plist.stringsdict; name = la; path = la.lproj/Localizable.stringsdict; sourceTree = "<group>"; };
		FC10773025EAE58800A9A392 /* JonsMusicPlayer.swift */ = {isa = PBXFileReference; lastKnownFileType = sourcecode.swift; path = JonsMusicPlayer.swift; sourceTree = "<group>"; };
		FC10773C25EAE79B00A9A392 /* space_synth */ = {isa = PBXFileReference; lastKnownFileType = folder; path = space_synth; sourceTree = "<group>"; };
		FC10775B25F5CCA200A9A392 /* HelpView.swift */ = {isa = PBXFileReference; lastKnownFileType = sourcecode.swift; path = HelpView.swift; sourceTree = "<group>"; };
		FC4DE5E62652150C00811232 /* SettingsView.swift */ = {isa = PBXFileReference; lastKnownFileType = sourcecode.swift; path = SettingsView.swift; sourceTree = "<group>"; };
		FC9B32C025CD07050061ED59 /* VT323-Regular.ttf */ = {isa = PBXFileReference; lastKnownFileType = file; path = "VT323-Regular.ttf"; sourceTree = "<group>"; };
		FCB6B08B26113BFC00FC4121 /* CustomFileManagerDelegate.swift */ = {isa = PBXFileReference; lastKnownFileType = sourcecode.swift; path = CustomFileManagerDelegate.swift; sourceTree = "<group>"; };
		FCB6B0902612B2AB00FC4121 /* StatsView.swift */ = {isa = PBXFileReference; lastKnownFileType = sourcecode.swift; path = StatsView.swift; sourceTree = "<group>"; };
		FCB6B09826153E4A00FC4121 /* UserDefaultsConstants.swift */ = {isa = PBXFileReference; lastKnownFileType = sourcecode.swift; path = UserDefaultsConstants.swift; sourceTree = "<group>"; };
		FCCE63012595A7AD006604A4 /* Blackhole2020.app */ = {isa = PBXFileReference; explicitFileType = wrapper.application; includeInIndex = 0; path = Blackhole2020.app; sourceTree = BUILT_PRODUCTS_DIR; };
		FCCE63042595A7AD006604A4 /* AppDelegate.swift */ = {isa = PBXFileReference; lastKnownFileType = sourcecode.swift; path = AppDelegate.swift; sourceTree = "<group>"; };
		FCCE63062595A7AD006604A4 /* BlackHoleView.swift */ = {isa = PBXFileReference; lastKnownFileType = sourcecode.swift; path = BlackHoleView.swift; sourceTree = "<group>"; };
		FCCE63082595A7AF006604A4 /* Assets.xcassets */ = {isa = PBXFileReference; lastKnownFileType = folder.assetcatalog; path = Assets.xcassets; sourceTree = "<group>"; };
		FCCE630B2595A7AF006604A4 /* Preview Assets.xcassets */ = {isa = PBXFileReference; lastKnownFileType = folder.assetcatalog; path = "Preview Assets.xcassets"; sourceTree = "<group>"; };
		FCCE630E2595A7AF006604A4 /* Base */ = {isa = PBXFileReference; lastKnownFileType = file.storyboard; name = Base; path = Base.lproj/Main.storyboard; sourceTree = "<group>"; };
		FCCE63102595A7AF006604A4 /* Info.plist */ = {isa = PBXFileReference; lastKnownFileType = text.plist.xml; path = Info.plist; sourceTree = "<group>"; };
		FCCE63112595A7AF006604A4 /* Blackhole2020.entitlements */ = {isa = PBXFileReference; lastKnownFileType = text.plist.entitlements; path = Blackhole2020.entitlements; sourceTree = "<group>"; };
		FCCE63162595A7B0006604A4 /* Blackhole2020Tests.xctest */ = {isa = PBXFileReference; explicitFileType = wrapper.cfbundle; includeInIndex = 0; path = Blackhole2020Tests.xctest; sourceTree = BUILT_PRODUCTS_DIR; };
		FCCE631A2595A7B0006604A4 /* Blackhole2020Tests.swift */ = {isa = PBXFileReference; lastKnownFileType = sourcecode.swift; path = Blackhole2020Tests.swift; sourceTree = "<group>"; };
		FCCE631C2595A7B0006604A4 /* Info.plist */ = {isa = PBXFileReference; lastKnownFileType = text.plist.xml; path = Info.plist; sourceTree = "<group>"; };
		FCCE63212595A7B0006604A4 /* Blackhole2020UITests.xctest */ = {isa = PBXFileReference; explicitFileType = wrapper.cfbundle; includeInIndex = 0; path = Blackhole2020UITests.xctest; sourceTree = BUILT_PRODUCTS_DIR; };
		FCCE63252595A7B0006604A4 /* Blackhole2020UITests.swift */ = {isa = PBXFileReference; lastKnownFileType = sourcecode.swift; path = Blackhole2020UITests.swift; sourceTree = "<group>"; };
		FCCE63272595A7B0006604A4 /* Info.plist */ = {isa = PBXFileReference; lastKnownFileType = text.plist.xml; path = Info.plist; sourceTree = "<group>"; };
		FCCE633A2595A922006604A4 /* File_Disintegration_TopLeft.json */ = {isa = PBXFileReference; fileEncoding = 4; lastKnownFileType = text.json; path = File_Disintegration_TopLeft.json; sourceTree = "<group>"; };
		FCCE633B2595A922006604A4 /* StarField.json */ = {isa = PBXFileReference; fileEncoding = 4; lastKnownFileType = text.json; path = StarField.json; sourceTree = "<group>"; };
		FCCE633C2595A922006604A4 /* File_Disintegration_BottomRight.json */ = {isa = PBXFileReference; fileEncoding = 4; lastKnownFileType = text.json; path = File_Disintegration_BottomRight.json; sourceTree = "<group>"; };
		FCCE633E2595A922006604A4 /* File_Disintegration_MidRight.json */ = {isa = PBXFileReference; fileEncoding = 4; lastKnownFileType = text.json; path = File_Disintegration_MidRight.json; sourceTree = "<group>"; };
		FCCE633F2595A922006604A4 /* File_Disintegration_TopRight.json */ = {isa = PBXFileReference; fileEncoding = 4; lastKnownFileType = text.json; path = File_Disintegration_TopRight.json; sourceTree = "<group>"; };
		FCCE63412595A922006604A4 /* File_Disintegration_MidLeft.json */ = {isa = PBXFileReference; fileEncoding = 4; lastKnownFileType = text.json; path = File_Disintegration_MidLeft.json; sourceTree = "<group>"; };
		FCCE63422595A922006604A4 /* File_Disintegration_BottomLeft.json */ = {isa = PBXFileReference; fileEncoding = 4; lastKnownFileType = text.json; path = File_Disintegration_BottomLeft.json; sourceTree = "<group>"; };
		FCCE63562597D924006604A4 /* LottieView.swift */ = {isa = PBXFileReference; lastKnownFileType = sourcecode.swift; path = LottieView.swift; sourceTree = "<group>"; };
		FCDA4BDB25BFDA750032F4D1 /* black-hole.mp4 */ = {isa = PBXFileReference; lastKnownFileType = file; path = "black-hole.mp4"; sourceTree = "<group>"; };
		FCDA4BE825C08D630032F4D1 /* VideoView.swift */ = {isa = PBXFileReference; lastKnownFileType = sourcecode.swift; path = VideoView.swift; sourceTree = "<group>"; };
		FCDA710B275FFC4E001EA3E0 /* Styles.swift */ = {isa = PBXFileReference; lastKnownFileType = sourcecode.swift; path = Styles.swift; sourceTree = "<group>"; };
		FCF0631625BCAFDF00912900 /* Extensions.swift */ = {isa = PBXFileReference; lastKnownFileType = sourcecode.swift; path = Extensions.swift; sourceTree = "<group>"; };
		FFF8440979041A5696AC5B2C /* Pods-Blackhole2020.release.xcconfig */ = {isa = PBXFileReference; includeInIndex = 1; lastKnownFileType = text.xcconfig; name = "Pods-Blackhole2020.release.xcconfig"; path = "Target Support Files/Pods-Blackhole2020/Pods-Blackhole2020.release.xcconfig"; sourceTree = "<group>"; };
/* End PBXFileReference section */

/* Begin PBXFrameworksBuildPhase section */
		FCCE62FE2595A7AD006604A4 /* Frameworks */ = {
			isa = PBXFrameworksBuildPhase;
			buildActionMask = 2147483647;
			files = (
				F855BD06CB9450BDECB9E42E /* Pods_Blackhole2020.framework in Frameworks */,
			);
			runOnlyForDeploymentPostprocessing = 0;
		};
		FCCE63132595A7B0006604A4 /* Frameworks */ = {
			isa = PBXFrameworksBuildPhase;
			buildActionMask = 2147483647;
			files = (
				A615CED571EA29F4E2750F34 /* Pods_Blackhole2020Tests.framework in Frameworks */,
			);
			runOnlyForDeploymentPostprocessing = 0;
		};
		FCCE631E2595A7B0006604A4 /* Frameworks */ = {
			isa = PBXFrameworksBuildPhase;
			buildActionMask = 2147483647;
			files = (
				B746F8C29F6A45AE16DE2D16 /* Pods_Blackhole2020_Blackhole2020UITests.framework in Frameworks */,
			);
			runOnlyForDeploymentPostprocessing = 0;
		};
/* End PBXFrameworksBuildPhase section */

/* Begin PBXGroup section */
		39D39D382755DA060879FF78 /* Pods */ = {
			isa = PBXGroup;
			children = (
				F94163FDCA1FCDD34612F05C /* Pods-Blackhole2020.debug.xcconfig */,
				FFF8440979041A5696AC5B2C /* Pods-Blackhole2020.release.xcconfig */,
				4A73BC71F4CE5683001AD98D /* Pods-Blackhole2020-Blackhole2020UITests.debug.xcconfig */,
				A34F86E75FEE7D1B700CE8F0 /* Pods-Blackhole2020-Blackhole2020UITests.release.xcconfig */,
				32A9143554495F366D76350A /* Pods-Blackhole2020Tests.debug.xcconfig */,
				AD48376A8CCFA15F07DD5E4E /* Pods-Blackhole2020Tests.release.xcconfig */,
			);
			path = Pods;
			sourceTree = "<group>";
		};
		6E8D581B15A771B0FF822AB3 /* Frameworks */ = {
			isa = PBXGroup;
			children = (
				711E3C9EBD3AF1E8C2CEB239 /* Pods_Blackhole2020.framework */,
				733C6C4FA33ECF15B1B598E3 /* Pods_Blackhole2020_Blackhole2020UITests.framework */,
				5224F67E69F154DD7327CEAB /* Pods_Blackhole2020Tests.framework */,
			);
			name = Frameworks;
			sourceTree = "<group>";
		};
		FC10772E25EAE57200A9A392 /* Modules */ = {
			isa = PBXGroup;
			children = (
				FCB6B08A26113BE400FC4121 /* FileSystem */,
				FC10772F25EAE57900A9A392 /* Music */,
				FCB6B09826153E4A00FC4121 /* UserDefaultsConstants.swift */,
			);
			path = Modules;
			sourceTree = "<group>";
		};
		FC10772F25EAE57900A9A392 /* Music */ = {
			isa = PBXGroup;
			children = (
				FC10773C25EAE79B00A9A392 /* space_synth */,
				FC10773025EAE58800A9A392 /* JonsMusicPlayer.swift */,
			);
			path = Music;
			sourceTree = "<group>";
		};
		FCB6B08A26113BE400FC4121 /* FileSystem */ = {
			isa = PBXGroup;
			children = (
				FCB6B08B26113BFC00FC4121 /* CustomFileManagerDelegate.swift */,
			);
			path = FileSystem;
			sourceTree = "<group>";
		};
		FCC1A0D927E5A8D60060E35D /* Views */ = {
			isa = PBXGroup;
			children = (
				FCCE63062595A7AD006604A4 /* BlackHoleView.swift */,
				FC10775B25F5CCA200A9A392 /* HelpView.swift */,
				FC4DE5E62652150C00811232 /* SettingsView.swift */,
				FCB6B0902612B2AB00FC4121 /* StatsView.swift */,
				FCCE63562597D924006604A4 /* LottieView.swift */,
				FCDA4BE825C08D630032F4D1 /* VideoView.swift */,
			);
			path = Views;
			sourceTree = "<group>";
		};
		FCC1A0DA27E5A9070060E35D /* Extensions */ = {
			isa = PBXGroup;
			children = (
				FCF0631625BCAFDF00912900 /* Extensions.swift */,
				FCDA710B275FFC4E001EA3E0 /* Styles.swift */,
			);
			path = Extensions;
			sourceTree = "<group>";
		};
		FCCE62F82595A7AD006604A4 = {
			isa = PBXGroup;
			children = (
				FCCE63032595A7AD006604A4 /* Blackhole2020 */,
				FCCE63192595A7B0006604A4 /* Blackhole2020Tests */,
				FCCE63242595A7B0006604A4 /* Blackhole2020UITests */,
				FCCE63022595A7AD006604A4 /* Products */,
				39D39D382755DA060879FF78 /* Pods */,
				6E8D581B15A771B0FF822AB3 /* Frameworks */,
			);
			sourceTree = "<group>";
		};
		FCCE63022595A7AD006604A4 /* Products */ = {
			isa = PBXGroup;
			children = (
				FCCE63012595A7AD006604A4 /* Blackhole2020.app */,
				FCCE63162595A7B0006604A4 /* Blackhole2020Tests.xctest */,
				FCCE63212595A7B0006604A4 /* Blackhole2020UITests.xctest */,
			);
			name = Products;
			sourceTree = "<group>";
		};
		FCCE63032595A7AD006604A4 /* Blackhole2020 */ = {
			isa = PBXGroup;
			children = (
				FCCE63042595A7AD006604A4 /* AppDelegate.swift */,
				FCCE63102595A7AF006604A4 /* Info.plist */,
				FCDF180127A72AB300DEA6C0 /* Fonts */,
				FC10772E25EAE57200A9A392 /* Modules */,
				FCCE63362595A82D006604A4 /* Lotties */,
				FCC1A0D927E5A8D60060E35D /* Views */,
				FCC1A0DA27E5A9070060E35D /* Extensions */,
				FCCE63082595A7AF006604A4 /* Assets.xcassets */,
				FCCE630D2595A7AF006604A4 /* Main.storyboard */,
				FCCE63112595A7AF006604A4 /* Blackhole2020.entitlements */,
				FCCE630A2595A7AF006604A4 /* Preview Content */,
				FC095D2727CFF42F00F11C7A /* Localizable.strings */,
				FC095D2A27CFF44F00F11C7A /* Localizable.stringsdict */,
			);
			path = Blackhole2020;
			sourceTree = "<group>";
		};
		FCCE630A2595A7AF006604A4 /* Preview Content */ = {
			isa = PBXGroup;
			children = (
				FCCE630B2595A7AF006604A4 /* Preview Assets.xcassets */,
			);
			path = "Preview Content";
			sourceTree = "<group>";
		};
		FCCE63192595A7B0006604A4 /* Blackhole2020Tests */ = {
			isa = PBXGroup;
			children = (
				FCCE631A2595A7B0006604A4 /* Blackhole2020Tests.swift */,
				FCCE631C2595A7B0006604A4 /* Info.plist */,
			);
			path = Blackhole2020Tests;
			sourceTree = "<group>";
		};
		FCCE63242595A7B0006604A4 /* Blackhole2020UITests */ = {
			isa = PBXGroup;
			children = (
				FCCE63252595A7B0006604A4 /* Blackhole2020UITests.swift */,
				FCCE63272595A7B0006604A4 /* Info.plist */,
			);
			path = Blackhole2020UITests;
			sourceTree = "<group>";
		};
		FCCE63362595A82D006604A4 /* Lotties */ = {
			isa = PBXGroup;
			children = (
				FCCE63422595A922006604A4 /* File_Disintegration_BottomLeft.json */,
				FCCE633C2595A922006604A4 /* File_Disintegration_BottomRight.json */,
				FCCE63412595A922006604A4 /* File_Disintegration_MidLeft.json */,
				FCCE633E2595A922006604A4 /* File_Disintegration_MidRight.json */,
				FCCE633A2595A922006604A4 /* File_Disintegration_TopLeft.json */,
				FCCE633F2595A922006604A4 /* File_Disintegration_TopRight.json */,
				FCCE633B2595A922006604A4 /* StarField.json */,
				FCDA4BDB25BFDA750032F4D1 /* black-hole.mp4 */,
			);
			path = Lotties;
			sourceTree = "<group>";
		};
		FCDF180127A72AB300DEA6C0 /* Fonts */ = {
			isa = PBXGroup;
			children = (
				FC9B32C025CD07050061ED59 /* VT323-Regular.ttf */,
			);
			path = Fonts;
			sourceTree = "<group>";
		};
/* End PBXGroup section */

/* Begin PBXNativeTarget section */
		FCCE63002595A7AD006604A4 /* Blackhole2020 */ = {
			isa = PBXNativeTarget;
			buildConfigurationList = FCCE632A2595A7B0006604A4 /* Build configuration list for PBXNativeTarget "Blackhole2020" */;
			buildPhases = (
				53427069FDE70C7A56C05F88 /* [CP] Check Pods Manifest.lock */,
				FCCE62FD2595A7AD006604A4 /* Sources */,
				FCCE62FE2595A7AD006604A4 /* Frameworks */,
				FCCE62FF2595A7AD006604A4 /* Resources */,
				E4CCDEBC9FC8F7ED3B8BD70B /* [CP] Embed Pods Frameworks */,
				FC0AE50927DBE86D00E7F1D4 /* SwiftLint */,
			);
			buildRules = (
			);
			dependencies = (
			);
			name = Blackhole2020;
			productName = Blackhole2020;
			productReference = FCCE63012595A7AD006604A4 /* Blackhole2020.app */;
			productType = "com.apple.product-type.application";
		};
		FCCE63152595A7B0006604A4 /* Blackhole2020Tests */ = {
			isa = PBXNativeTarget;
			buildConfigurationList = FCCE632D2595A7B0006604A4 /* Build configuration list for PBXNativeTarget "Blackhole2020Tests" */;
			buildPhases = (
				559E9CA0072C36A51847A599 /* [CP] Check Pods Manifest.lock */,
				FCCE63122595A7B0006604A4 /* Sources */,
				FCCE63132595A7B0006604A4 /* Frameworks */,
				FCCE63142595A7B0006604A4 /* Resources */,
			);
			buildRules = (
			);
			dependencies = (
				FCCE63182595A7B0006604A4 /* PBXTargetDependency */,
			);
			name = Blackhole2020Tests;
			productName = Blackhole2020Tests;
			productReference = FCCE63162595A7B0006604A4 /* Blackhole2020Tests.xctest */;
			productType = "com.apple.product-type.bundle.unit-test";
		};
		FCCE63202595A7B0006604A4 /* Blackhole2020UITests */ = {
			isa = PBXNativeTarget;
			buildConfigurationList = FCCE63302595A7B0006604A4 /* Build configuration list for PBXNativeTarget "Blackhole2020UITests" */;
			buildPhases = (
				67D91B82AB7219A8C4AE64AC /* [CP] Check Pods Manifest.lock */,
				FCCE631D2595A7B0006604A4 /* Sources */,
				FCCE631E2595A7B0006604A4 /* Frameworks */,
				FCCE631F2595A7B0006604A4 /* Resources */,
				0FA260497FC6DCA600F18065 /* [CP] Embed Pods Frameworks */,
			);
			buildRules = (
			);
			dependencies = (
				FCCE63232595A7B0006604A4 /* PBXTargetDependency */,
			);
			name = Blackhole2020UITests;
			productName = Blackhole2020UITests;
			productReference = FCCE63212595A7B0006604A4 /* Blackhole2020UITests.xctest */;
			productType = "com.apple.product-type.bundle.ui-testing";
		};
/* End PBXNativeTarget section */

/* Begin PBXProject section */
		FCCE62F92595A7AD006604A4 /* Project object */ = {
			isa = PBXProject;
			attributes = {
				LastSwiftUpdateCheck = 1200;
				LastUpgradeCheck = 1200;
				TargetAttributes = {
					FCCE63002595A7AD006604A4 = {
						CreatedOnToolsVersion = 12.0;
					};
					FCCE63152595A7B0006604A4 = {
						CreatedOnToolsVersion = 12.0;
						TestTargetID = FCCE63002595A7AD006604A4;
					};
					FCCE63202595A7B0006604A4 = {
						CreatedOnToolsVersion = 12.0;
						TestTargetID = FCCE63002595A7AD006604A4;
					};
				};
			};
			buildConfigurationList = FCCE62FC2595A7AD006604A4 /* Build configuration list for PBXProject "Blackhole2020" */;
			compatibilityVersion = "Xcode 9.3";
			developmentRegion = en;
			hasScannedForEncodings = 0;
			knownRegions = (
				en,
				Base,
				de,
				la,
			);
			mainGroup = FCCE62F82595A7AD006604A4;
			productRefGroup = FCCE63022595A7AD006604A4 /* Products */;
			projectDirPath = "";
			projectRoot = "";
			targets = (
				FCCE63002595A7AD006604A4 /* Blackhole2020 */,
				FCCE63152595A7B0006604A4 /* Blackhole2020Tests */,
				FCCE63202595A7B0006604A4 /* Blackhole2020UITests */,
			);
		};
/* End PBXProject section */

/* Begin PBXResourcesBuildPhase section */
		FCCE62FF2595A7AD006604A4 /* Resources */ = {
			isa = PBXResourcesBuildPhase;
			buildActionMask = 2147483647;
			files = (
				FC10773D25EAE79B00A9A392 /* space_synth in Resources */,
				FCCE63432595A922006604A4 /* File_Disintegration_TopLeft.json in Resources */,
				FCCE63472595A922006604A4 /* File_Disintegration_MidRight.json in Resources */,
				FC095D2527CFF42F00F11C7A /* Localizable.strings in Resources */,
				FCCE63442595A922006604A4 /* StarField.json in Resources */,
				FCCE630F2595A7AF006604A4 /* Main.storyboard in Resources */,
				FC9B32C125CD07050061ED59 /* VT323-Regular.ttf in Resources */,
				FCCE63452595A922006604A4 /* File_Disintegration_BottomRight.json in Resources */,
				FC095D2827CFF44F00F11C7A /* Localizable.stringsdict in Resources */,
				FCCE634B2595A922006604A4 /* File_Disintegration_BottomLeft.json in Resources */,
				FCCE63482595A922006604A4 /* File_Disintegration_TopRight.json in Resources */,
				FCDA4BDC25BFDA750032F4D1 /* black-hole.mp4 in Resources */,
				FCCE630C2595A7AF006604A4 /* Preview Assets.xcassets in Resources */,
				FCCE63092595A7AF006604A4 /* Assets.xcassets in Resources */,
				FCCE634A2595A922006604A4 /* File_Disintegration_MidLeft.json in Resources */,
			);
			runOnlyForDeploymentPostprocessing = 0;
		};
		FCCE63142595A7B0006604A4 /* Resources */ = {
			isa = PBXResourcesBuildPhase;
			buildActionMask = 2147483647;
			files = (
			);
			runOnlyForDeploymentPostprocessing = 0;
		};
		FCCE631F2595A7B0006604A4 /* Resources */ = {
			isa = PBXResourcesBuildPhase;
			buildActionMask = 2147483647;
			files = (
			);
			runOnlyForDeploymentPostprocessing = 0;
		};
/* End PBXResourcesBuildPhase section */

/* Begin PBXShellScriptBuildPhase section */
		0FA260497FC6DCA600F18065 /* [CP] Embed Pods Frameworks */ = {
			isa = PBXShellScriptBuildPhase;
			buildActionMask = 2147483647;
			files = (
			);
			inputFileListPaths = (
				"${PODS_ROOT}/Target Support Files/Pods-Blackhole2020-Blackhole2020UITests/Pods-Blackhole2020-Blackhole2020UITests-frameworks-${CONFIGURATION}-input-files.xcfilelist",
			);
			name = "[CP] Embed Pods Frameworks";
			outputFileListPaths = (
				"${PODS_ROOT}/Target Support Files/Pods-Blackhole2020-Blackhole2020UITests/Pods-Blackhole2020-Blackhole2020UITests-frameworks-${CONFIGURATION}-output-files.xcfilelist",
			);
			runOnlyForDeploymentPostprocessing = 0;
			shellPath = /bin/sh;
			shellScript = "\"${PODS_ROOT}/Target Support Files/Pods-Blackhole2020-Blackhole2020UITests/Pods-Blackhole2020-Blackhole2020UITests-frameworks.sh\"\n";
			showEnvVarsInLog = 0;
		};
		53427069FDE70C7A56C05F88 /* [CP] Check Pods Manifest.lock */ = {
			isa = PBXShellScriptBuildPhase;
			buildActionMask = 2147483647;
			files = (
			);
			inputFileListPaths = (
			);
			inputPaths = (
				"${PODS_PODFILE_DIR_PATH}/Podfile.lock",
				"${PODS_ROOT}/Manifest.lock",
			);
			name = "[CP] Check Pods Manifest.lock";
			outputFileListPaths = (
			);
			outputPaths = (
				"$(DERIVED_FILE_DIR)/Pods-Blackhole2020-checkManifestLockResult.txt",
			);
			runOnlyForDeploymentPostprocessing = 0;
			shellPath = /bin/sh;
			shellScript = "diff \"${PODS_PODFILE_DIR_PATH}/Podfile.lock\" \"${PODS_ROOT}/Manifest.lock\" > /dev/null\nif [ $? != 0 ] ; then\n    # print error to STDERR\n    echo \"error: The sandbox is not in sync with the Podfile.lock. Run 'pod install' or update your CocoaPods installation.\" >&2\n    exit 1\nfi\n# This output is used by Xcode 'outputs' to avoid re-running this script phase.\necho \"SUCCESS\" > \"${SCRIPT_OUTPUT_FILE_0}\"\n";
			showEnvVarsInLog = 0;
		};
		559E9CA0072C36A51847A599 /* [CP] Check Pods Manifest.lock */ = {
			isa = PBXShellScriptBuildPhase;
			buildActionMask = 2147483647;
			files = (
			);
			inputFileListPaths = (
			);
			inputPaths = (
				"${PODS_PODFILE_DIR_PATH}/Podfile.lock",
				"${PODS_ROOT}/Manifest.lock",
			);
			name = "[CP] Check Pods Manifest.lock";
			outputFileListPaths = (
			);
			outputPaths = (
				"$(DERIVED_FILE_DIR)/Pods-Blackhole2020Tests-checkManifestLockResult.txt",
			);
			runOnlyForDeploymentPostprocessing = 0;
			shellPath = /bin/sh;
			shellScript = "diff \"${PODS_PODFILE_DIR_PATH}/Podfile.lock\" \"${PODS_ROOT}/Manifest.lock\" > /dev/null\nif [ $? != 0 ] ; then\n    # print error to STDERR\n    echo \"error: The sandbox is not in sync with the Podfile.lock. Run 'pod install' or update your CocoaPods installation.\" >&2\n    exit 1\nfi\n# This output is used by Xcode 'outputs' to avoid re-running this script phase.\necho \"SUCCESS\" > \"${SCRIPT_OUTPUT_FILE_0}\"\n";
			showEnvVarsInLog = 0;
		};
		67D91B82AB7219A8C4AE64AC /* [CP] Check Pods Manifest.lock */ = {
			isa = PBXShellScriptBuildPhase;
			buildActionMask = 2147483647;
			files = (
			);
			inputFileListPaths = (
			);
			inputPaths = (
				"${PODS_PODFILE_DIR_PATH}/Podfile.lock",
				"${PODS_ROOT}/Manifest.lock",
			);
			name = "[CP] Check Pods Manifest.lock";
			outputFileListPaths = (
			);
			outputPaths = (
				"$(DERIVED_FILE_DIR)/Pods-Blackhole2020-Blackhole2020UITests-checkManifestLockResult.txt",
			);
			runOnlyForDeploymentPostprocessing = 0;
			shellPath = /bin/sh;
			shellScript = "diff \"${PODS_PODFILE_DIR_PATH}/Podfile.lock\" \"${PODS_ROOT}/Manifest.lock\" > /dev/null\nif [ $? != 0 ] ; then\n    # print error to STDERR\n    echo \"error: The sandbox is not in sync with the Podfile.lock. Run 'pod install' or update your CocoaPods installation.\" >&2\n    exit 1\nfi\n# This output is used by Xcode 'outputs' to avoid re-running this script phase.\necho \"SUCCESS\" > \"${SCRIPT_OUTPUT_FILE_0}\"\n";
			showEnvVarsInLog = 0;
		};
		E4CCDEBC9FC8F7ED3B8BD70B /* [CP] Embed Pods Frameworks */ = {
			isa = PBXShellScriptBuildPhase;
			buildActionMask = 2147483647;
			files = (
			);
			inputFileListPaths = (
				"${PODS_ROOT}/Target Support Files/Pods-Blackhole2020/Pods-Blackhole2020-frameworks-${CONFIGURATION}-input-files.xcfilelist",
			);
			name = "[CP] Embed Pods Frameworks";
			outputFileListPaths = (
				"${PODS_ROOT}/Target Support Files/Pods-Blackhole2020/Pods-Blackhole2020-frameworks-${CONFIGURATION}-output-files.xcfilelist",
			);
			runOnlyForDeploymentPostprocessing = 0;
			shellPath = /bin/sh;
			shellScript = "\"${PODS_ROOT}/Target Support Files/Pods-Blackhole2020/Pods-Blackhole2020-frameworks.sh\"\n";
			showEnvVarsInLog = 0;
		};
		FC0AE50927DBE86D00E7F1D4 /* SwiftLint */ = {
			isa = PBXShellScriptBuildPhase;
			buildActionMask = 2147483647;
			files = (
			);
			inputFileListPaths = (
			);
			inputPaths = (
			);
			name = SwiftLint;
			outputFileListPaths = (
			);
			outputPaths = (
			);
			runOnlyForDeploymentPostprocessing = 0;
			shellPath = /bin/sh;
			shellScript = "# M1 Apple Silicon workaround (homebrew doesn't install in the default path anymore)\nif test -d \"/opt/homebrew/bin/\"; then\n  PATH=\"/opt/homebrew/bin/:${PATH}\"\nfi\n\nexport PATH\n\nif which swiftlint >/dev/null; then\n  swiftlint\nelse\n  echo \"warning: SwiftLint not installed, download from https://github.com/realm/SwiftLint\"\nfi\n";
		};
/* End PBXShellScriptBuildPhase section */

/* Begin PBXSourcesBuildPhase section */
		FCCE62FD2595A7AD006604A4 /* Sources */ = {
			isa = PBXSourcesBuildPhase;
			buildActionMask = 2147483647;
			files = (
				FCB6B09926153E4A00FC4121 /* UserDefaultsConstants.swift in Sources */,
				FC10773125EAE58800A9A392 /* JonsMusicPlayer.swift in Sources */,
				FCDA710C275FFC4E001EA3E0 /* Styles.swift in Sources */,
				FCDA4BE925C08D630032F4D1 /* VideoView.swift in Sources */,
				FCCE63072595A7AD006604A4 /* BlackHoleView.swift in Sources */,
				FCB6B08C26113BFC00FC4121 /* CustomFileManagerDelegate.swift in Sources */,
				FCCE63052595A7AD006604A4 /* AppDelegate.swift in Sources */,
				FCCE63572597D924006604A4 /* LottieView.swift in Sources */,
				FCB6B0912612B2AB00FC4121 /* StatsView.swift in Sources */,
				FC10775C25F5CCA200A9A392 /* HelpView.swift in Sources */,
				FC4DE5E72652150C00811232 /* SettingsView.swift in Sources */,
				FCF0631725BCAFDF00912900 /* Extensions.swift in Sources */,
			);
			runOnlyForDeploymentPostprocessing = 0;
		};
		FCCE63122595A7B0006604A4 /* Sources */ = {
			isa = PBXSourcesBuildPhase;
			buildActionMask = 2147483647;
			files = (
				FCCE631B2595A7B0006604A4 /* Blackhole2020Tests.swift in Sources */,
			);
			runOnlyForDeploymentPostprocessing = 0;
		};
		FCCE631D2595A7B0006604A4 /* Sources */ = {
			isa = PBXSourcesBuildPhase;
			buildActionMask = 2147483647;
			files = (
				FCCE63262595A7B0006604A4 /* Blackhole2020UITests.swift in Sources */,
			);
			runOnlyForDeploymentPostprocessing = 0;
		};
/* End PBXSourcesBuildPhase section */

/* Begin PBXTargetDependency section */
		FCCE63182595A7B0006604A4 /* PBXTargetDependency */ = {
			isa = PBXTargetDependency;
			target = FCCE63002595A7AD006604A4 /* Blackhole2020 */;
			targetProxy = FCCE63172595A7B0006604A4 /* PBXContainerItemProxy */;
		};
		FCCE63232595A7B0006604A4 /* PBXTargetDependency */ = {
			isa = PBXTargetDependency;
			target = FCCE63002595A7AD006604A4 /* Blackhole2020 */;
			targetProxy = FCCE63222595A7B0006604A4 /* PBXContainerItemProxy */;
		};
/* End PBXTargetDependency section */

/* Begin PBXVariantGroup section */
		FC095D2727CFF42F00F11C7A /* Localizable.strings */ = {
			isa = PBXVariantGroup;
			children = (
				FC095D2627CFF42F00F11C7A /* en */,
				FC0AE50427D9D49E00E7F1D4 /* de */,
				FC0AE50727DA5D7700E7F1D4 /* la */,
			);
			name = Localizable.strings;
			sourceTree = "<group>";
		};
		FC095D2A27CFF44F00F11C7A /* Localizable.stringsdict */ = {
			isa = PBXVariantGroup;
			children = (
				FC095D2927CFF44F00F11C7A /* en */,
				FC0AE50527D9D49E00E7F1D4 /* de */,
				FC0AE50827DA5D7700E7F1D4 /* la */,
			);
			name = Localizable.stringsdict;
			sourceTree = "<group>";
		};
		FCCE630D2595A7AF006604A4 /* Main.storyboard */ = {
			isa = PBXVariantGroup;
			children = (
				FCCE630E2595A7AF006604A4 /* Base */,
				FC095D2427CF43D600F11C7A /* en */,
				FC0AE50327D9D49E00E7F1D4 /* de */,
				FC0AE50627DA5D7700E7F1D4 /* la */,
			);
			name = Main.storyboard;
			sourceTree = "<group>";
		};
/* End PBXVariantGroup section */

/* Begin XCBuildConfiguration section */
		FCCE63282595A7B0006604A4 /* Debug */ = {
			isa = XCBuildConfiguration;
			buildSettings = {
				ALWAYS_SEARCH_USER_PATHS = NO;
				CLANG_ANALYZER_LOCALIZABILITY_NONLOCALIZED = YES;
				CLANG_ANALYZER_NONNULL = YES;
				CLANG_ANALYZER_NUMBER_OBJECT_CONVERSION = YES_AGGRESSIVE;
				CLANG_CXX_LANGUAGE_STANDARD = "gnu++14";
				CLANG_CXX_LIBRARY = "libc++";
				CLANG_ENABLE_MODULES = YES;
				CLANG_ENABLE_OBJC_ARC = YES;
				CLANG_ENABLE_OBJC_WEAK = YES;
				CLANG_WARN_BLOCK_CAPTURE_AUTORELEASING = YES;
				CLANG_WARN_BOOL_CONVERSION = YES;
				CLANG_WARN_COMMA = YES;
				CLANG_WARN_CONSTANT_CONVERSION = YES;
				CLANG_WARN_DEPRECATED_OBJC_IMPLEMENTATIONS = YES;
				CLANG_WARN_DIRECT_OBJC_ISA_USAGE = YES_ERROR;
				CLANG_WARN_DOCUMENTATION_COMMENTS = YES;
				CLANG_WARN_EMPTY_BODY = YES;
				CLANG_WARN_ENUM_CONVERSION = YES;
				CLANG_WARN_INFINITE_RECURSION = YES;
				CLANG_WARN_INT_CONVERSION = YES;
				CLANG_WARN_NON_LITERAL_NULL_CONVERSION = YES;
				CLANG_WARN_OBJC_IMPLICIT_RETAIN_SELF = YES;
				CLANG_WARN_OBJC_LITERAL_CONVERSION = YES;
				CLANG_WARN_OBJC_ROOT_CLASS = YES_ERROR;
				CLANG_WARN_QUOTED_INCLUDE_IN_FRAMEWORK_HEADER = YES;
				CLANG_WARN_RANGE_LOOP_ANALYSIS = YES;
				CLANG_WARN_STRICT_PROTOTYPES = YES;
				CLANG_WARN_SUSPICIOUS_MOVE = YES;
				CLANG_WARN_UNGUARDED_AVAILABILITY = YES_AGGRESSIVE;
				CLANG_WARN_UNREACHABLE_CODE = YES;
				CLANG_WARN__DUPLICATE_METHOD_MATCH = YES;
				COPY_PHASE_STRIP = NO;
				DEBUG_INFORMATION_FORMAT = dwarf;
				ENABLE_STRICT_OBJC_MSGSEND = YES;
				ENABLE_TESTABILITY = YES;
				GCC_C_LANGUAGE_STANDARD = gnu11;
				GCC_DYNAMIC_NO_PIC = NO;
				GCC_NO_COMMON_BLOCKS = YES;
				GCC_OPTIMIZATION_LEVEL = 0;
				GCC_PREPROCESSOR_DEFINITIONS = (
					"DEBUG=1",
					"$(inherited)",
				);
				GCC_WARN_64_TO_32_BIT_CONVERSION = YES;
				GCC_WARN_ABOUT_RETURN_TYPE = YES_ERROR;
				GCC_WARN_UNDECLARED_SELECTOR = YES;
				GCC_WARN_UNINITIALIZED_AUTOS = YES_AGGRESSIVE;
				GCC_WARN_UNUSED_FUNCTION = YES;
				GCC_WARN_UNUSED_VARIABLE = YES;
				MACOSX_DEPLOYMENT_TARGET = 11.0;
				MTL_ENABLE_DEBUG_INFO = INCLUDE_SOURCE;
				MTL_FAST_MATH = YES;
				ONLY_ACTIVE_ARCH = YES;
				SDKROOT = macosx;
				SWIFT_ACTIVE_COMPILATION_CONDITIONS = DEBUG;
				SWIFT_OPTIMIZATION_LEVEL = "-Onone";
			};
			name = Debug;
		};
		FCCE63292595A7B0006604A4 /* Release */ = {
			isa = XCBuildConfiguration;
			buildSettings = {
				ALWAYS_SEARCH_USER_PATHS = NO;
				CLANG_ANALYZER_LOCALIZABILITY_NONLOCALIZED = YES;
				CLANG_ANALYZER_NONNULL = YES;
				CLANG_ANALYZER_NUMBER_OBJECT_CONVERSION = YES_AGGRESSIVE;
				CLANG_CXX_LANGUAGE_STANDARD = "gnu++14";
				CLANG_CXX_LIBRARY = "libc++";
				CLANG_ENABLE_MODULES = YES;
				CLANG_ENABLE_OBJC_ARC = YES;
				CLANG_ENABLE_OBJC_WEAK = YES;
				CLANG_WARN_BLOCK_CAPTURE_AUTORELEASING = YES;
				CLANG_WARN_BOOL_CONVERSION = YES;
				CLANG_WARN_COMMA = YES;
				CLANG_WARN_CONSTANT_CONVERSION = YES;
				CLANG_WARN_DEPRECATED_OBJC_IMPLEMENTATIONS = YES;
				CLANG_WARN_DIRECT_OBJC_ISA_USAGE = YES_ERROR;
				CLANG_WARN_DOCUMENTATION_COMMENTS = YES;
				CLANG_WARN_EMPTY_BODY = YES;
				CLANG_WARN_ENUM_CONVERSION = YES;
				CLANG_WARN_INFINITE_RECURSION = YES;
				CLANG_WARN_INT_CONVERSION = YES;
				CLANG_WARN_NON_LITERAL_NULL_CONVERSION = YES;
				CLANG_WARN_OBJC_IMPLICIT_RETAIN_SELF = YES;
				CLANG_WARN_OBJC_LITERAL_CONVERSION = YES;
				CLANG_WARN_OBJC_ROOT_CLASS = YES_ERROR;
				CLANG_WARN_QUOTED_INCLUDE_IN_FRAMEWORK_HEADER = YES;
				CLANG_WARN_RANGE_LOOP_ANALYSIS = YES;
				CLANG_WARN_STRICT_PROTOTYPES = YES;
				CLANG_WARN_SUSPICIOUS_MOVE = YES;
				CLANG_WARN_UNGUARDED_AVAILABILITY = YES_AGGRESSIVE;
				CLANG_WARN_UNREACHABLE_CODE = YES;
				CLANG_WARN__DUPLICATE_METHOD_MATCH = YES;
				COPY_PHASE_STRIP = NO;
				DEBUG_INFORMATION_FORMAT = "dwarf-with-dsym";
				ENABLE_NS_ASSERTIONS = NO;
				ENABLE_STRICT_OBJC_MSGSEND = YES;
				GCC_C_LANGUAGE_STANDARD = gnu11;
				GCC_NO_COMMON_BLOCKS = YES;
				GCC_WARN_64_TO_32_BIT_CONVERSION = YES;
				GCC_WARN_ABOUT_RETURN_TYPE = YES_ERROR;
				GCC_WARN_UNDECLARED_SELECTOR = YES;
				GCC_WARN_UNINITIALIZED_AUTOS = YES_AGGRESSIVE;
				GCC_WARN_UNUSED_FUNCTION = YES;
				GCC_WARN_UNUSED_VARIABLE = YES;
				MACOSX_DEPLOYMENT_TARGET = 11.0;
				MTL_ENABLE_DEBUG_INFO = NO;
				MTL_FAST_MATH = YES;
				SDKROOT = macosx;
				SWIFT_COMPILATION_MODE = wholemodule;
				SWIFT_OPTIMIZATION_LEVEL = "-O";
			};
			name = Release;
		};
		FCCE632B2595A7B0006604A4 /* Debug */ = {
			isa = XCBuildConfiguration;
			baseConfigurationReference = F94163FDCA1FCDD34612F05C /* Pods-Blackhole2020.debug.xcconfig */;
			buildSettings = {
				ASSETCATALOG_COMPILER_APPICON_NAME = AppIcon;
				ASSETCATALOG_COMPILER_GLOBAL_ACCENT_COLOR_NAME = AccentColor;
				CODE_SIGN_ENTITLEMENTS = Blackhole2020/Blackhole2020.entitlements;
				CODE_SIGN_STYLE = Automatic;
				COMBINE_HIDPI_IMAGES = YES;
				CURRENT_PROJECT_VERSION = 7;
				DEVELOPMENT_ASSET_PATHS = "\"Blackhole2020/Preview Content\"";
				DEVELOPMENT_TEAM = VQJ7V35E7S;
				ENABLE_HARDENED_RUNTIME = YES;
				ENABLE_PREVIEWS = YES;
				INFOPLIST_FILE = Blackhole2020/Info.plist;
				LD_RUNPATH_SEARCH_PATHS = (
					"$(inherited)",
					"@executable_path/../Frameworks",
				);
				MACOSX_DEPLOYMENT_TARGET = 11.0;
				PRODUCT_BUNDLE_IDENTIFIER = com.jbsoft.Blackhole2020;
				PRODUCT_NAME = "$(TARGET_NAME)";
				SWIFT_VERSION = 5.0;
			};
			name = Debug;
		};
		FCCE632C2595A7B0006604A4 /* Release */ = {
			isa = XCBuildConfiguration;
			baseConfigurationReference = FFF8440979041A5696AC5B2C /* Pods-Blackhole2020.release.xcconfig */;
			buildSettings = {
				ASSETCATALOG_COMPILER_APPICON_NAME = AppIcon;
				ASSETCATALOG_COMPILER_GLOBAL_ACCENT_COLOR_NAME = AccentColor;
				CODE_SIGN_ENTITLEMENTS = Blackhole2020/Blackhole2020.entitlements;
				CODE_SIGN_STYLE = Automatic;
				COMBINE_HIDPI_IMAGES = YES;
				CURRENT_PROJECT_VERSION = 7;
				DEVELOPMENT_ASSET_PATHS = "\"Blackhole2020/Preview Content\"";
				DEVELOPMENT_TEAM = VQJ7V35E7S;
				ENABLE_HARDENED_RUNTIME = YES;
				ENABLE_PREVIEWS = YES;
				INFOPLIST_FILE = Blackhole2020/Info.plist;
				LD_RUNPATH_SEARCH_PATHS = (
					"$(inherited)",
					"@executable_path/../Frameworks",
				);
				MACOSX_DEPLOYMENT_TARGET = 11.0;
				PRODUCT_BUNDLE_IDENTIFIER = com.jbsoft.Blackhole2020;
				PRODUCT_NAME = "$(TARGET_NAME)";
				SWIFT_VERSION = 5.0;
			};
			name = Release;
		};
		FCCE632E2595A7B0006604A4 /* Debug */ = {
			isa = XCBuildConfiguration;
			baseConfigurationReference = 32A9143554495F366D76350A /* Pods-Blackhole2020Tests.debug.xcconfig */;
			buildSettings = {
				ALWAYS_EMBED_SWIFT_STANDARD_LIBRARIES = YES;
				BUNDLE_LOADER = "$(TEST_HOST)";
				CODE_SIGN_STYLE = Automatic;
				COMBINE_HIDPI_IMAGES = YES;
				DEVELOPMENT_TEAM = VQJ7V35E7S;
				INFOPLIST_FILE = Blackhole2020Tests/Info.plist;
				LD_RUNPATH_SEARCH_PATHS = (
					"$(inherited)",
					"@executable_path/../Frameworks",
					"@loader_path/../Frameworks",
				);
				MACOSX_DEPLOYMENT_TARGET = 10.15;
				PRODUCT_BUNDLE_IDENTIFIER = com.jbsoft.Blackhole2020Tests;
				PRODUCT_NAME = "$(TARGET_NAME)";
				SWIFT_VERSION = 5.0;
				TEST_HOST = "$(BUILT_PRODUCTS_DIR)/Blackhole2020.app/Contents/MacOS/Blackhole2020";
			};
			name = Debug;
		};
		FCCE632F2595A7B0006604A4 /* Release */ = {
			isa = XCBuildConfiguration;
			baseConfigurationReference = AD48376A8CCFA15F07DD5E4E /* Pods-Blackhole2020Tests.release.xcconfig */;
			buildSettings = {
				ALWAYS_EMBED_SWIFT_STANDARD_LIBRARIES = YES;
				BUNDLE_LOADER = "$(TEST_HOST)";
				CODE_SIGN_STYLE = Automatic;
				COMBINE_HIDPI_IMAGES = YES;
				DEVELOPMENT_TEAM = VQJ7V35E7S;
				INFOPLIST_FILE = Blackhole2020Tests/Info.plist;
				LD_RUNPATH_SEARCH_PATHS = (
					"$(inherited)",
					"@executable_path/../Frameworks",
					"@loader_path/../Frameworks",
				);
				MACOSX_DEPLOYMENT_TARGET = 10.15;
				PRODUCT_BUNDLE_IDENTIFIER = com.jbsoft.Blackhole2020Tests;
				PRODUCT_NAME = "$(TARGET_NAME)";
				SWIFT_VERSION = 5.0;
				TEST_HOST = "$(BUILT_PRODUCTS_DIR)/Blackhole2020.app/Contents/MacOS/Blackhole2020";
			};
			name = Release;
		};
		FCCE63312595A7B0006604A4 /* Debug */ = {
			isa = XCBuildConfiguration;
			baseConfigurationReference = 4A73BC71F4CE5683001AD98D /* Pods-Blackhole2020-Blackhole2020UITests.debug.xcconfig */;
			buildSettings = {
				ALWAYS_EMBED_SWIFT_STANDARD_LIBRARIES = YES;
				CODE_SIGN_STYLE = Automatic;
				COMBINE_HIDPI_IMAGES = YES;
				DEVELOPMENT_TEAM = VQJ7V35E7S;
				INFOPLIST_FILE = Blackhole2020UITests/Info.plist;
				LD_RUNPATH_SEARCH_PATHS = (
					"$(inherited)",
					"@executable_path/../Frameworks",
					"@loader_path/../Frameworks",
				);
				PRODUCT_BUNDLE_IDENTIFIER = com.jbsoft.Blackhole2020UITests;
				PRODUCT_NAME = "$(TARGET_NAME)";
				SWIFT_VERSION = 5.0;
				TEST_TARGET_NAME = Blackhole2020;
			};
			name = Debug;
		};
		FCCE63322595A7B0006604A4 /* Release */ = {
			isa = XCBuildConfiguration;
			baseConfigurationReference = A34F86E75FEE7D1B700CE8F0 /* Pods-Blackhole2020-Blackhole2020UITests.release.xcconfig */;
			buildSettings = {
				ALWAYS_EMBED_SWIFT_STANDARD_LIBRARIES = YES;
				CODE_SIGN_STYLE = Automatic;
				COMBINE_HIDPI_IMAGES = YES;
				DEVELOPMENT_TEAM = VQJ7V35E7S;
				INFOPLIST_FILE = Blackhole2020UITests/Info.plist;
				LD_RUNPATH_SEARCH_PATHS = (
					"$(inherited)",
					"@executable_path/../Frameworks",
					"@loader_path/../Frameworks",
				);
				PRODUCT_BUNDLE_IDENTIFIER = com.jbsoft.Blackhole2020UITests;
				PRODUCT_NAME = "$(TARGET_NAME)";
				SWIFT_VERSION = 5.0;
				TEST_TARGET_NAME = Blackhole2020;
			};
			name = Release;
		};
/* End XCBuildConfiguration section */

/* Begin XCConfigurationList section */
		FCCE62FC2595A7AD006604A4 /* Build configuration list for PBXProject "Blackhole2020" */ = {
			isa = XCConfigurationList;
			buildConfigurations = (
				FCCE63282595A7B0006604A4 /* Debug */,
				FCCE63292595A7B0006604A4 /* Release */,
			);
			defaultConfigurationIsVisible = 0;
			defaultConfigurationName = Release;
		};
		FCCE632A2595A7B0006604A4 /* Build configuration list for PBXNativeTarget "Blackhole2020" */ = {
			isa = XCConfigurationList;
			buildConfigurations = (
				FCCE632B2595A7B0006604A4 /* Debug */,
				FCCE632C2595A7B0006604A4 /* Release */,
			);
			defaultConfigurationIsVisible = 0;
			defaultConfigurationName = Release;
		};
		FCCE632D2595A7B0006604A4 /* Build configuration list for PBXNativeTarget "Blackhole2020Tests" */ = {
			isa = XCConfigurationList;
			buildConfigurations = (
				FCCE632E2595A7B0006604A4 /* Debug */,
				FCCE632F2595A7B0006604A4 /* Release */,
			);
			defaultConfigurationIsVisible = 0;
			defaultConfigurationName = Release;
		};
		FCCE63302595A7B0006604A4 /* Build configuration list for PBXNativeTarget "Blackhole2020UITests" */ = {
			isa = XCConfigurationList;
			buildConfigurations = (
				FCCE63312595A7B0006604A4 /* Debug */,
				FCCE63322595A7B0006604A4 /* Release */,
			);
			defaultConfigurationIsVisible = 0;
			defaultConfigurationName = Release;
		};
/* End XCConfigurationList section */
	};
	rootObject = FCCE62F92595A7AD006604A4 /* Project object */;
}
