PODS:
  - AppCenter (4.1.0):
    - AppCenter/Analytics (= 4.1.0)
    - AppCenter/Crashes (= 4.1.0)
  - AppCenter/Analytics (4.1.0):
    - AppCenter/Core
  - AppCenter/Core (4.1.0)
  - AppCenter/Crashes (4.1.0):
    - AppCenter/Core
  - lottie-ios (3.2.1)

DEPENDENCIES:
  - AppCenter
  - lottie-ios

SPEC REPOS:
  trunk:
    - AppCenter
    - lottie-ios

SPEC CHECKSUMS:
  AppCenter: 8832b158d17e54845c3b88a91076218f0b07174d
  lottie-ios: 106e92eaf11fbed0a76590b4cdb9b5ec26123ff7

PODFILE CHECKSUM: 0939023523c943551f11f60c839a26b5ac95594b

COCOAPODS: 1.10.1
